
Microsoft Visual Studio Solution File, Format Version 12.00
# Visual Studio Version 17
VisualStudioVersion = 17.7.34202.233
MinimumVisualStudioVersion = 10.0.40219.1
Project("{FAE04EC0-301F-11D3-BF4B-00C04F79EFBC}") = "fileAPI.Web", "fileAPI\fileAPI.Web.csproj", "{005A2148-5E68-42EA-BE26-9BAEDFFBFA46}"
EndProject
Project("{FAE04EC0-301F-11D3-BF4B-00C04F79EFBC}") = "fileAPI.Infrastructure", "fileAPI.Infrastructure\fileAPI.Infrastructure.csproj", "{6D98B2BB-F365-4621-A694-095F4AE96EA6}"
EndProject
Project("{FAE04EC0-301F-11D3-BF4B-00C04F79EFBC}") = "fileAPI.Core", "fileAPI.Core\fileAPI.Core.csproj", "{940F3680-5BEF-4EAE-B7E4-DF12C76DF22C}"
EndProject
Global
	GlobalSection(SolutionConfigurationPlatforms) = preSolution
		Debug|Any CPU = Debug|Any CPU
		Release|Any CPU = Release|Any CPU
	EndGlobalSection
	GlobalSection(ProjectConfigurationPlatforms) = postSolution
		{005A2148-5E68-42EA-BE26-9BAEDFFBFA46}.Debug|Any CPU.ActiveCfg = Debug|Any CPU
		{005A2148-5E68-42EA-BE26-9BAEDFFBFA46}.Debug|Any CPU.Build.0 = Debug|Any CPU
		{005A2148-5E68-42EA-BE26-9BAEDFFBFA46}.Release|Any CPU.ActiveCfg = Release|Any CPU
		{005A2148-5E68-42EA-BE26-9BAEDFFBFA46}.Release|Any CPU.Build.0 = Release|Any CPU
		{6D98B2BB-F365-4621-A694-095F4AE96EA6}.Debug|Any CPU.ActiveCfg = Debug|Any CPU
		{6D98B2BB-F365-4621-A694-095F4AE96EA6}.Debug|Any CPU.Build.0 = Debug|Any CPU
		{6D98B2BB-F365-4621-A694-095F4AE96EA6}.Release|Any CPU.ActiveCfg = Release|Any CPU
		{6D98B2BB-F365-4621-A694-095F4AE96EA6}.Release|Any CPU.Build.0 = Release|Any CPU
		{940F3680-5BEF-4EAE-B7E4-DF12C76DF22C}.Debug|Any CPU.ActiveCfg = Debug|Any CPU
		{940F3680-5BEF-4EAE-B7E4-DF12C76DF22C}.Debug|Any CPU.Build.0 = Debug|Any CPU
		{940F3680-5BEF-4EAE-B7E4-DF12C76DF22C}.Release|Any CPU.ActiveCfg = Release|Any CPU
		{940F3680-5BEF-4EAE-B7E4-DF12C76DF22C}.Release|Any CPU.Build.0 = Release|Any CPU
	EndGlobalSection
	GlobalSection(SolutionProperties) = preSolution
		HideSolutionNode = FALSE
	EndGlobalSection
	GlobalSection(ExtensibilityGlobals) = postSolution
		SolutionGuid = {59334119-6483-4D43-9854-1C8B8256A668}
	EndGlobalSection
EndGlobal
